
Microsoft Visual Studio Solution File, Format Version 12.00
Project("{FAE04EC0-301F-11D3-BF4B-00C04F79EFBC}") = "palindrome", "palindrome.csproj", "{74F473B8-6922-48A6-8689-EF0336B745D0}"
EndProject
Project("{FAE04EC0-301F-11D3-BF4B-00C04F79EFBC}") = "TestProject1", "TestProject1\TestProject1.csproj", "{F764B1AE-B103-4B47-BBE2-A00F5C80D69D}"
EndProject
Global
	GlobalSection(SolutionConfigurationPlatforms) = preSolution
		Debug|Any CPU = Debug|Any CPU
		Release|Any CPU = Release|Any CPU
	EndGlobalSection
	GlobalSection(ProjectConfigurationPlatforms) = postSolution
		{74F473B8-6922-48A6-8689-EF0336B745D0}.Debug|Any CPU.ActiveCfg = Debug|Any CPU
		{74F473B8-6922-48A6-8689-EF0336B745D0}.Debug|Any CPU.Build.0 = Debug|Any CPU
		{74F473B8-6922-48A6-8689-EF0336B745D0}.Release|Any CPU.ActiveCfg = Release|Any CPU
		{74F473B8-6922-48A6-8689-EF0336B745D0}.Release|Any CPU.Build.0 = Release|Any CPU
		{F764B1AE-B103-4B47-BBE2-A00F5C80D69D}.Debug|Any CPU.ActiveCfg = Debug|Any CPU
		{F764B1AE-B103-4B47-BBE2-A00F5C80D69D}.Debug|Any CPU.Build.0 = Debug|Any CPU
		{F764B1AE-B103-4B47-BBE2-A00F5C80D69D}.Release|Any CPU.ActiveCfg = Release|Any CPU
		{F764B1AE-B103-4B47-BBE2-A00F5C80D69D}.Release|Any CPU.Build.0 = Release|Any CPU
	EndGlobalSection
EndGlobal
